# This file is autogenerated, do not edit; changes may be undone by the next 'dep ensure'.


[[projects]]
  name = "github.com/thoas/go-funk"
  packages = ["."]
  revision = "14304e8530de7dbb909c8305591b3a8370dd9dbb"
  version = "0.2"

[[projects]]
  branch = "master"
  name = "golang.org/x/net"
  packages = ["websocket"]
  revision = "a337091b0525af65de94df2eb7e98bd9962dcbe2"

[solve-meta]
  analyzer-name = "dep"
  analyzer-version = 1
  inputs-digest = "2932ddd22822bfea1939b2cc8a5470787d8804a34bbed961195a5d5332068122"
  solver-name = "gps-cdcl"
  solver-version = 1
